# This file is automatically @generated by Cargo.
# It is not intended for manual editing.
version = 3

[[package]]
name = "Nuclide"
version = "0.1.8"
dependencies = [
 "Pion",
]

[[package]]
name = "Pion"
version = "0.0.1"
source = "registry+https://github.com/rust-lang/crates.io-index"
checksum = "af05ecc58c3f8c00986e54ac61305122c84eb29da88d81516c10833f73f1a10c"
